
Microsoft Visual Studio Solution File, Format Version 12.00
# Visual Studio Version 16
VisualStudioVersion = 16.0.29123.88
MinimumVisualStudioVersion = 10.0.40219.1
Project("{FAE04EC0-301F-11D3-BF4B-00C04F79EFBC}") = "Kassenautomat", "Kassenautomat\Kassenautomat.csproj", "{B49D121D-C910-4BBE-A3F7-9257F4614D0C}"
EndProject
Global
	GlobalSection(SolutionConfigurationPlatforms) = preSolution
		Debug|Any CPU = Debug|Any CPU
		Release|Any CPU = Release|Any CPU
	EndGlobalSection
	GlobalSection(ProjectConfigurationPlatforms) = postSolution
		{B49D121D-C910-4BBE-A3F7-9257F4614D0C}.Debug|Any CPU.ActiveCfg = Debug|Any CPU
		{B49D121D-C910-4BBE-A3F7-9257F4614D0C}.Debug|Any CPU.Build.0 = Debug|Any CPU
		{B49D121D-C910-4BBE-A3F7-9257F4614D0C}.Release|Any CPU.ActiveCfg = Release|Any CPU
		{B49D121D-C910-4BBE-A3F7-9257F4614D0C}.Release|Any CPU.Build.0 = Release|Any CPU
	EndGlobalSection
	GlobalSection(SolutionProperties) = preSolution
		HideSolutionNode = FALSE
	EndGlobalSection
	GlobalSection(ExtensibilityGlobals) = postSolution
		SolutionGuid = {B5B039B9-94E1-48DB-8537-D51D54B2647A}
	EndGlobalSection
EndGlobal
